
Microsoft Visual Studio Solution File, Format Version 12.00
# Visual Studio Version 16
VisualStudioVersion = 16.0.36631.11
MinimumVisualStudioVersion = 10.0.40219.1
Project("{8BC9CEB8-8B4A-11D0-8D11-00A0C91BC942}") = "OpenGLTest", "OpenGLTest\OpenGLTest.vcxproj", "{29FBE83B-F41B-4D0A-8922-D3977B2FCA5F}"
EndProject
Global
	GlobalSection(SolutionConfigurationPlatforms) = preSolution
		Debug|x64 = Debug|x64
		Debug|x86 = Debug|x86
		Release|x64 = Release|x64
		Release|x86 = Release|x86
	EndGlobalSection
	GlobalSection(ProjectConfigurationPlatforms) = postSolution
		{29FBE83B-F41B-4D0A-8922-D3977B2FCA5F}.Debug|x64.ActiveCfg = Debug|x64
		{29FBE83B-F41B-4D0A-8922-D3977B2FCA5F}.Debug|x64.Build.0 = Debug|x64
		{29FBE83B-F41B-4D0A-8922-D3977B2FCA5F}.Debug|x86.ActiveCfg = Debug|Win32
		{29FBE83B-F41B-4D0A-8922-D3977B2FCA5F}.Debug|x86.Build.0 = Debug|Win32
		{29FBE83B-F41B-4D0A-8922-D3977B2FCA5F}.Release|x64.ActiveCfg = Release|x64
		{29FBE83B-F41B-4D0A-8922-D3977B2FCA5F}.Release|x64.Build.0 = Release|x64
		{29FBE83B-F41B-4D0A-8922-D3977B2FCA5F}.Release|x86.ActiveCfg = Release|Win32
		{29FBE83B-F41B-4D0A-8922-D3977B2FCA5F}.Release|x86.Build.0 = Release|Win32
	EndGlobalSection
	GlobalSection(SolutionProperties) = preSolution
		HideSolutionNode = FALSE
	EndGlobalSection
	GlobalSection(ExtensibilityGlobals) = postSolution
		SolutionGuid = {E8B18613-5FF6-4FE8-B0B9-95A2CA2818B4}
	EndGlobalSection
EndGlobal
